// !$*UTF8*$!
{
	archiveVersion = 1;
	classes = {
	};
	objectVersion = 50;
	objects = {

/* Begin PBXBuildFile section */
		EF79021F2620969E00D0D531 /* AppDelegate.swift in Sources */ = {isa = PBXBuildFile; fileRef = EF79021E2620969E00D0D531 /* AppDelegate.swift */; };
		EF7902212620969E00D0D531 /* SceneDelegate.swift in Sources */ = {isa = PBXBuildFile; fileRef = EF7902202620969E00D0D531 /* SceneDelegate.swift */; };
		EF7902232620969E00D0D531 /* ViewController.swift in Sources */ = {isa = PBXBuildFile; fileRef = EF7902222620969E00D0D531 /* ViewController.swift */; };
		EF7902262620969E00D0D531 /* Main.storyboard in Resources */ = {isa = PBXBuildFile; fileRef = EF7902242620969E00D0D531 /* Main.storyboard */; };
		EF790228262096A100D0D531 /* Assets.xcassets in Resources */ = {isa = PBXBuildFile; fileRef = EF790227262096A100D0D531 /* Assets.xcassets */; };
		EF79022B262096A100D0D531 /* LaunchScreen.storyboard in Resources */ = {isa = PBXBuildFile; fileRef = EF790229262096A100D0D531 /* LaunchScreen.storyboard */; };
		EF790236262096A100D0D531 /* LeBaluchonTests.swift in Sources */ = {isa = PBXBuildFile; fileRef = EF790235262096A100D0D531 /* LeBaluchonTests.swift */; };
		EF790241262096A100D0D531 /* LeBaluchonUITests.swift in Sources */ = {isa = PBXBuildFile; fileRef = EF790240262096A100D0D531 /* LeBaluchonUITests.swift */; };
/* End PBXBuildFile section */

/* Begin PBXContainerItemProxy section */
		EF790232262096A100D0D531 /* PBXContainerItemProxy */ = {
			isa = PBXContainerItemProxy;
			containerPortal = EF7902132620969E00D0D531 /* Project object */;
			proxyType = 1;
			remoteGlobalIDString = EF79021A2620969E00D0D531;
			remoteInfo = LeBaluchon;
		};
		EF79023D262096A100D0D531 /* PBXContainerItemProxy */ = {
			isa = PBXContainerItemProxy;
			containerPortal = EF7902132620969E00D0D531 /* Project object */;
			proxyType = 1;
			remoteGlobalIDString = EF79021A2620969E00D0D531;
			remoteInfo = LeBaluchon;
		};
/* End PBXContainerItemProxy section */

/* Begin PBXFileReference section */
		EF79021B2620969E00D0D531 /* LeBaluchon.app */ = {isa = PBXFileReference; explicitFileType = wrapper.application; includeInIndex = 0; path = LeBaluchon.app; sourceTree = BUILT_PRODUCTS_DIR; };
		EF79021E2620969E00D0D531 /* AppDelegate.swift */ = {isa = PBXFileReference; lastKnownFileType = sourcecode.swift; path = AppDelegate.swift; sourceTree = "<group>"; };
		EF7902202620969E00D0D531 /* SceneDelegate.swift */ = {isa = PBXFileReference; lastKnownFileType = sourcecode.swift; path = SceneDelegate.swift; sourceTree = "<group>"; };
		EF7902222620969E00D0D531 /* ViewController.swift */ = {isa = PBXFileReference; lastKnownFileType = sourcecode.swift; path = ViewController.swift; sourceTree = "<group>"; };
		EF7902252620969E00D0D531 /* Base */ = {isa = PBXFileReference; lastKnownFileType = file.storyboard; name = Base; path = Base.lproj/Main.storyboard; sourceTree = "<group>"; };
		EF790227262096A100D0D531 /* Assets.xcassets */ = {isa = PBXFileReference; lastKnownFileType = folder.assetcatalog; path = Assets.xcassets; sourceTree = "<group>"; };
		EF79022A262096A100D0D531 /* Base */ = {isa = PBXFileReference; lastKnownFileType = file.storyboard; name = Base; path = Base.lproj/LaunchScreen.storyboard; sourceTree = "<group>"; };
		EF79022C262096A100D0D531 /* Info.plist */ = {isa = PBXFileReference; lastKnownFileType = text.plist.xml; path = Info.plist; sourceTree = "<group>"; };
		EF790231262096A100D0D531 /* LeBaluchonTests.xctest */ = {isa = PBXFileReference; explicitFileType = wrapper.cfbundle; includeInIndex = 0; path = LeBaluchonTests.xctest; sourceTree = BUILT_PRODUCTS_DIR; };
		EF790235262096A100D0D531 /* LeBaluchonTests.swift */ = {isa = PBXFileReference; lastKnownFileType = sourcecode.swift; path = LeBaluchonTests.swift; sourceTree = "<group>"; };
		EF790237262096A100D0D531 /* Info.plist */ = {isa = PBXFileReference; lastKnownFileType = text.plist.xml; path = Info.plist; sourceTree = "<group>"; };
		EF79023C262096A100D0D531 /* LeBaluchonUITests.xctest */ = {isa = PBXFileReference; explicitFileType = wrapper.cfbundle; includeInIndex = 0; path = LeBaluchonUITests.xctest; sourceTree = BUILT_PRODUCTS_DIR; };
		EF790240262096A100D0D531 /* LeBaluchonUITests.swift */ = {isa = PBXFileReference; lastKnownFileType = sourcecode.swift; path = LeBaluchonUITests.swift; sourceTree = "<group>"; };
		EF790242262096A100D0D531 /* Info.plist */ = {isa = PBXFileReference; lastKnownFileType = text.plist.xml; path = Info.plist; sourceTree = "<group>"; };
/* End PBXFileReference section */

/* Begin PBXFrameworksBuildPhase section */
		EF7902182620969E00D0D531 /* Frameworks */ = {
			isa = PBXFrameworksBuildPhase;
			buildActionMask = 2147483647;
			files = (
			);
			runOnlyForDeploymentPostprocessing = 0;
		};
		EF79022E262096A100D0D531 /* Frameworks */ = {
			isa = PBXFrameworksBuildPhase;
			buildActionMask = 2147483647;
			files = (
			);
			runOnlyForDeploymentPostprocessing = 0;
		};
		EF790239262096A100D0D531 /* Frameworks */ = {
			isa = PBXFrameworksBuildPhase;
			buildActionMask = 2147483647;
			files = (
			);
			runOnlyForDeploymentPostprocessing = 0;
		};
/* End PBXFrameworksBuildPhase section */

/* Begin PBXGroup section */
		EF7902122620969D00D0D531 = {
			isa = PBXGroup;
			children = (
				EF79021D2620969E00D0D531 /* LeBaluchon */,
				EF790234262096A100D0D531 /* LeBaluchonTests */,
				EF79023F262096A100D0D531 /* LeBaluchonUITests */,
				EF79021C2620969E00D0D531 /* Products */,
			);
			sourceTree = "<group>";
		};
		EF79021C2620969E00D0D531 /* Products */ = {
			isa = PBXGroup;
			children = (
				EF79021B2620969E00D0D531 /* LeBaluchon.app */,
				EF790231262096A100D0D531 /* LeBaluchonTests.xctest */,
				EF79023C262096A100D0D531 /* LeBaluchonUITests.xctest */,
			);
			name = Products;
			sourceTree = "<group>";
		};
		EF79021D2620969E00D0D531 /* LeBaluchon */ = {
			isa = PBXGroup;
			children = (
				EF79021E2620969E00D0D531 /* AppDelegate.swift */,
				EF7902202620969E00D0D531 /* SceneDelegate.swift */,
				EF7902222620969E00D0D531 /* ViewController.swift */,
				EF7902242620969E00D0D531 /* Main.storyboard */,
				EF790227262096A100D0D531 /* Assets.xcassets */,
				EF790229262096A100D0D531 /* LaunchScreen.storyboard */,
				EF79022C262096A100D0D531 /* Info.plist */,
			);
			path = LeBaluchon;
			sourceTree = "<group>";
		};
		EF790234262096A100D0D531 /* LeBaluchonTests */ = {
			isa = PBXGroup;
			children = (
				EF790235262096A100D0D531 /* LeBaluchonTests.swift */,
				EF790237262096A100D0D531 /* Info.plist */,
			);
			path = LeBaluchonTests;
			sourceTree = "<group>";
		};
		EF79023F262096A100D0D531 /* LeBaluchonUITests */ = {
			isa = PBXGroup;
			children = (
				EF790240262096A100D0D531 /* LeBaluchonUITests.swift */,
				EF790242262096A100D0D531 /* Info.plist */,
			);
			path = LeBaluchonUITests;
			sourceTree = "<group>";
		};
/* End PBXGroup section */

/* Begin PBXNativeTarget section */
		EF79021A2620969E00D0D531 /* LeBaluchon */ = {
			isa = PBXNativeTarget;
			buildConfigurationList = EF790245262096A100D0D531 /* Build configuration list for PBXNativeTarget "LeBaluchon" */;
			buildPhases = (
				EF7902172620969E00D0D531 /* Sources */,
				EF7902182620969E00D0D531 /* Frameworks */,
				EF7902192620969E00D0D531 /* Resources */,
			);
			buildRules = (
			);
			dependencies = (
			);
			name = LeBaluchon;
			productName = LeBaluchon;
			productReference = EF79021B2620969E00D0D531 /* LeBaluchon.app */;
			productType = "com.apple.product-type.application";
		};
		EF790230262096A100D0D531 /* LeBaluchonTests */ = {
			isa = PBXNativeTarget;
			buildConfigurationList = EF790248262096A100D0D531 /* Build configuration list for PBXNativeTarget "LeBaluchonTests" */;
			buildPhases = (
				EF79022D262096A100D0D531 /* Sources */,
				EF79022E262096A100D0D531 /* Frameworks */,
				EF79022F262096A100D0D531 /* Resources */,
			);
			buildRules = (
			);
			dependencies = (
				EF790233262096A100D0D531 /* PBXTargetDependency */,
			);
			name = LeBaluchonTests;
			productName = LeBaluchonTests;
			productReference = EF790231262096A100D0D531 /* LeBaluchonTests.xctest */;
			productType = "com.apple.product-type.bundle.unit-test";
		};
		EF79023B262096A100D0D531 /* LeBaluchonUITests */ = {
			isa = PBXNativeTarget;
			buildConfigurationList = EF79024B262096A100D0D531 /* Build configuration list for PBXNativeTarget "LeBaluchonUITests" */;
			buildPhases = (
				EF790238262096A100D0D531 /* Sources */,
				EF790239262096A100D0D531 /* Frameworks */,
				EF79023A262096A100D0D531 /* Resources */,
			);
			buildRules = (
			);
			dependencies = (
				EF79023E262096A100D0D531 /* PBXTargetDependency */,
			);
			name = LeBaluchonUITests;
			productName = LeBaluchonUITests;
			productReference = EF79023C262096A100D0D531 /* LeBaluchonUITests.xctest */;
			productType = "com.apple.product-type.bundle.ui-testing";
		};
/* End PBXNativeTarget section */

/* Begin PBXProject section */
		EF7902132620969E00D0D531 /* Project object */ = {
			isa = PBXProject;
			attributes = {
				LastSwiftUpdateCheck = 1220;
				LastUpgradeCheck = 1220;
				TargetAttributes = {
					EF79021A2620969E00D0D531 = {
						CreatedOnToolsVersion = 12.2;
					};
					EF790230262096A100D0D531 = {
						CreatedOnToolsVersion = 12.2;
						TestTargetID = EF79021A2620969E00D0D531;
					};
					EF79023B262096A100D0D531 = {
						CreatedOnToolsVersion = 12.2;
						TestTargetID = EF79021A2620969E00D0D531;
					};
				};
			};
			buildConfigurationList = EF7902162620969E00D0D531 /* Build configuration list for PBXProject "LeBaluchon" */;
			compatibilityVersion = "Xcode 9.3";
			developmentRegion = en;
			hasScannedForEncodings = 0;
			knownRegions = (
				en,
				Base,
			);
			mainGroup = EF7902122620969D00D0D531;
			productRefGroup = EF79021C2620969E00D0D531 /* Products */;
			projectDirPath = "";
			projectRoot = "";
			targets = (
				EF79021A2620969E00D0D531 /* LeBaluchon */,
				EF790230262096A100D0D531 /* LeBaluchonTests */,
				EF79023B262096A100D0D531 /* LeBaluchonUITests */,
			);
		};
/* End PBXProject section */

/* Begin PBXResourcesBuildPhase section */
		EF7902192620969E00D0D531 /* Resources */ = {
			isa = PBXResourcesBuildPhase;
			buildActionMask = 2147483647;
			files = (
				EF79022B262096A100D0D531 /* LaunchScreen.storyboard in Resources */,
				EF790228262096A100D0D531 /* Assets.xcassets in Resources */,
				EF7902262620969E00D0D531 /* Main.storyboard in Resources */,
			);
			runOnlyForDeploymentPostprocessing = 0;
		};
		EF79022F262096A100D0D531 /* Resources */ = {
			isa = PBXResourcesBuildPhase;
			buildActionMask = 2147483647;
			files = (
			);
			runOnlyForDeploymentPostprocessing = 0;
		};
		EF79023A262096A100D0D531 /* Resources */ = {
			isa = PBXResourcesBuildPhase;
			buildActionMask = 2147483647;
			files = (
			);
			runOnlyForDeploymentPostprocessing = 0;
		};
/* End PBXResourcesBuildPhase section */

/* Begin PBXSourcesBuildPhase section */
		EF7902172620969E00D0D531 /* Sources */ = {
			isa = PBXSourcesBuildPhase;
			buildActionMask = 2147483647;
			files = (
				EF7902232620969E00D0D531 /* ViewController.swift in Sources */,
				EF79021F2620969E00D0D531 /* AppDelegate.swift in Sources */,
				EF7902212620969E00D0D531 /* SceneDelegate.swift in Sources */,
			);
			runOnlyForDeploymentPostprocessing = 0;
		};
		EF79022D262096A100D0D531 /* Sources */ = {
			isa = PBXSourcesBuildPhase;
			buildActionMask = 2147483647;
			files = (
				EF790236262096A100D0D531 /* LeBaluchonTests.swift in Sources */,
			);
			runOnlyForDeploymentPostprocessing = 0;
		};
		EF790238262096A100D0D531 /* Sources */ = {
			isa = PBXSourcesBuildPhase;
			buildActionMask = 2147483647;
			files = (
				EF790241262096A100D0D531 /* LeBaluchonUITests.swift in Sources */,
			);
			runOnlyForDeploymentPostprocessing = 0;
		};
/* End PBXSourcesBuildPhase section */

/* Begin PBXTargetDependency section */
		EF790233262096A100D0D531 /* PBXTargetDependency */ = {
			isa = PBXTargetDependency;
			target = EF79021A2620969E00D0D531 /* LeBaluchon */;
			targetProxy = EF790232262096A100D0D531 /* PBXContainerItemProxy */;
		};
		EF79023E262096A100D0D531 /* PBXTargetDependency */ = {
			isa = PBXTargetDependency;
			target = EF79021A2620969E00D0D531 /* LeBaluchon */;
			targetProxy = EF79023D262096A100D0D531 /* PBXContainerItemProxy */;
		};
/* End PBXTargetDependency section */

/* Begin PBXVariantGroup section */
		EF7902242620969E00D0D531 /* Main.storyboard */ = {
			isa = PBXVariantGroup;
			children = (
				EF7902252620969E00D0D531 /* Base */,
			);
			name = Main.storyboard;
			sourceTree = "<group>";
		};
		EF790229262096A100D0D531 /* LaunchScreen.storyboard */ = {
			isa = PBXVariantGroup;
			children = (
				EF79022A262096A100D0D531 /* Base */,
			);
			name = LaunchScreen.storyboard;
			sourceTree = "<group>";
		};
/* End PBXVariantGroup section */

/* Begin XCBuildConfiguration section */
		EF790243262096A100D0D531 /* Debug */ = {
			isa = XCBuildConfiguration;
			buildSettings = {
				ALWAYS_SEARCH_USER_PATHS = NO;
				CLANG_ANALYZER_NONNULL = YES;
				CLANG_ANALYZER_NUMBER_OBJECT_CONVERSION = YES_AGGRESSIVE;
				CLANG_CXX_LANGUAGE_STANDARD = "gnu++14";
				CLANG_CXX_LIBRARY = "libc++";
				CLANG_ENABLE_MODULES = YES;
				CLANG_ENABLE_OBJC_ARC = YES;
				CLANG_ENABLE_OBJC_WEAK = YES;
				CLANG_WARN_BLOCK_CAPTURE_AUTORELEASING = YES;
				CLANG_WARN_BOOL_CONVERSION = YES;
				CLANG_WARN_COMMA = YES;
				CLANG_WARN_CONSTANT_CONVERSION = YES;
				CLANG_WARN_DEPRECATED_OBJC_IMPLEMENTATIONS = YES;
				CLANG_WARN_DIRECT_OBJC_ISA_USAGE = YES_ERROR;
				CLANG_WARN_DOCUMENTATION_COMMENTS = YES;
				CLANG_WARN_EMPTY_BODY = YES;
				CLANG_WARN_ENUM_CONVERSION = YES;
				CLANG_WARN_INFINITE_RECURSION = YES;
				CLANG_WARN_INT_CONVERSION = YES;
				CLANG_WARN_NON_LITERAL_NULL_CONVERSION = YES;
				CLANG_WARN_OBJC_IMPLICIT_RETAIN_SELF = YES;
				CLANG_WARN_OBJC_LITERAL_CONVERSION = YES;
				CLANG_WARN_OBJC_ROOT_CLASS = YES_ERROR;
				CLANG_WARN_QUOTED_INCLUDE_IN_FRAMEWORK_HEADER = YES;
				CLANG_WARN_RANGE_LOOP_ANALYSIS = YES;
				CLANG_WARN_STRICT_PROTOTYPES = YES;
				CLANG_WARN_SUSPICIOUS_MOVE = YES;
				CLANG_WARN_UNGUARDED_AVAILABILITY = YES_AGGRESSIVE;
				CLANG_WARN_UNREACHABLE_CODE = YES;
				CLANG_WARN__DUPLICATE_METHOD_MATCH = YES;
				COPY_PHASE_STRIP = NO;
				DEBUG_INFORMATION_FORMAT = dwarf;
				ENABLE_STRICT_OBJC_MSGSEND = YES;
				ENABLE_TESTABILITY = YES;
				GCC_C_LANGUAGE_STANDARD = gnu11;
				GCC_DYNAMIC_NO_PIC = NO;
				GCC_NO_COMMON_BLOCKS = YES;
				GCC_OPTIMIZATION_LEVEL = 0;
				GCC_PREPROCESSOR_DEFINITIONS = (
					"DEBUG=1",
					"$(inherited)",
				);
				GCC_WARN_64_TO_32_BIT_CONVERSION = YES;
				GCC_WARN_ABOUT_RETURN_TYPE = YES_ERROR;
				GCC_WARN_UNDECLARED_SELECTOR = YES;
				GCC_WARN_UNINITIALIZED_AUTOS = YES_AGGRESSIVE;
				GCC_WARN_UNUSED_FUNCTION = YES;
				GCC_WARN_UNUSED_VARIABLE = YES;
				IPHONEOS_DEPLOYMENT_TARGET = 14.2;
				MTL_ENABLE_DEBUG_INFO = INCLUDE_SOURCE;
				MTL_FAST_MATH = YES;
				ONLY_ACTIVE_ARCH = YES;
				SDKROOT = iphoneos;
				SWIFT_ACTIVE_COMPILATION_CONDITIONS = DEBUG;
				SWIFT_OPTIMIZATION_LEVEL = "-Onone";
			};
			name = Debug;
		};
		EF790244262096A100D0D531 /* Release */ = {
			isa = XCBuildConfiguration;
			buildSettings = {
				ALWAYS_SEARCH_USER_PATHS = NO;
				CLANG_ANALYZER_NONNULL = YES;
				CLANG_ANALYZER_NUMBER_OBJECT_CONVERSION = YES_AGGRESSIVE;
				CLANG_CXX_LANGUAGE_STANDARD = "gnu++14";
				CLANG_CXX_LIBRARY = "libc++";
				CLANG_ENABLE_MODULES = YES;
				CLANG_ENABLE_OBJC_ARC = YES;
				CLANG_ENABLE_OBJC_WEAK = YES;
				CLANG_WARN_BLOCK_CAPTURE_AUTORELEASING = YES;
				CLANG_WARN_BOOL_CONVERSION = YES;
				CLANG_WARN_COMMA = YES;
				CLANG_WARN_CONSTANT_CONVERSION = YES;
				CLANG_WARN_DEPRECATED_OBJC_IMPLEMENTATIONS = YES;
				CLANG_WARN_DIRECT_OBJC_ISA_USAGE = YES_ERROR;
				CLANG_WARN_DOCUMENTATION_COMMENTS = YES;
				CLANG_WARN_EMPTY_BODY = YES;
				CLANG_WARN_ENUM_CONVERSION = YES;
				CLANG_WARN_INFINITE_RECURSION = YES;
				CLANG_WARN_INT_CONVERSION = YES;
				CLANG_WARN_NON_LITERAL_NULL_CONVERSION = YES;
				CLANG_WARN_OBJC_IMPLICIT_RETAIN_SELF = YES;
				CLANG_WARN_OBJC_LITERAL_CONVERSION = YES;
				CLANG_WARN_OBJC_ROOT_CLASS = YES_ERROR;
				CLANG_WARN_QUOTED_INCLUDE_IN_FRAMEWORK_HEADER = YES;
				CLANG_WARN_RANGE_LOOP_ANALYSIS = YES;
				CLANG_WARN_STRICT_PROTOTYPES = YES;
				CLANG_WARN_SUSPICIOUS_MOVE = YES;
				CLANG_WARN_UNGUARDED_AVAILABILITY = YES_AGGRESSIVE;
				CLANG_WARN_UNREACHABLE_CODE = YES;
				CLANG_WARN__DUPLICATE_METHOD_MATCH = YES;
				COPY_PHASE_STRIP = NO;
				DEBUG_INFORMATION_FORMAT = "dwarf-with-dsym";
				ENABLE_NS_ASSERTIONS = NO;
				ENABLE_STRICT_OBJC_MSGSEND = YES;
				GCC_C_LANGUAGE_STANDARD = gnu11;
				GCC_NO_COMMON_BLOCKS = YES;
				GCC_WARN_64_TO_32_BIT_CONVERSION = YES;
				GCC_WARN_ABOUT_RETURN_TYPE = YES_ERROR;
				GCC_WARN_UNDECLARED_SELECTOR = YES;
				GCC_WARN_UNINITIALIZED_AUTOS = YES_AGGRESSIVE;
				GCC_WARN_UNUSED_FUNCTION = YES;
				GCC_WARN_UNUSED_VARIABLE = YES;
				IPHONEOS_DEPLOYMENT_TARGET = 14.2;
				MTL_ENABLE_DEBUG_INFO = NO;
				MTL_FAST_MATH = YES;
				SDKROOT = iphoneos;
				SWIFT_COMPILATION_MODE = wholemodule;
				SWIFT_OPTIMIZATION_LEVEL = "-O";
				VALIDATE_PRODUCT = YES;
			};
			name = Release;
		};
		EF790246262096A100D0D531 /* Debug */ = {
			isa = XCBuildConfiguration;
			buildSettings = {
				ASSETCATALOG_COMPILER_APPICON_NAME = AppIcon;
				ASSETCATALOG_COMPILER_GLOBAL_ACCENT_COLOR_NAME = AccentColor;
				CODE_SIGN_STYLE = Automatic;
				INFOPLIST_FILE = LeBaluchon/Info.plist;
				LD_RUNPATH_SEARCH_PATHS = (
					"$(inherited)",
					"@executable_path/Frameworks",
				);
				PRODUCT_BUNDLE_IDENTIFIER = fr.manonrusso.LeBaluchon;
				PRODUCT_NAME = "$(TARGET_NAME)";
				SWIFT_VERSION = 5.0;
				TARGETED_DEVICE_FAMILY = "1,2";
			};
			name = Debug;
		};
		EF790247262096A100D0D531 /* Release */ = {
			isa = XCBuildConfiguration;
			buildSettings = {
				ASSETCATALOG_COMPILER_APPICON_NAME = AppIcon;
				ASSETCATALOG_COMPILER_GLOBAL_ACCENT_COLOR_NAME = AccentColor;
				CODE_SIGN_STYLE = Automatic;
				INFOPLIST_FILE = LeBaluchon/Info.plist;
				LD_RUNPATH_SEARCH_PATHS = (
					"$(inherited)",
					"@executable_path/Frameworks",
				);
				PRODUCT_BUNDLE_IDENTIFIER = fr.manonrusso.LeBaluchon;
				PRODUCT_NAME = "$(TARGET_NAME)";
				SWIFT_VERSION = 5.0;
				TARGETED_DEVICE_FAMILY = "1,2";
			};
			name = Release;
		};
		EF790249262096A100D0D531 /* Debug */ = {
			isa = XCBuildConfiguration;
			buildSettings = {
				ALWAYS_EMBED_SWIFT_STANDARD_LIBRARIES = YES;
				BUNDLE_LOADER = "$(TEST_HOST)";
				CODE_SIGN_STYLE = Automatic;
				INFOPLIST_FILE = LeBaluchonTests/Info.plist;
				IPHONEOS_DEPLOYMENT_TARGET = 14.2;
				LD_RUNPATH_SEARCH_PATHS = (
					"$(inherited)",
					"@executable_path/Frameworks",
					"@loader_path/Frameworks",
				);
				PRODUCT_BUNDLE_IDENTIFIER = fr.manonrusso.LeBaluchonTests;
				PRODUCT_NAME = "$(TARGET_NAME)";
				SWIFT_VERSION = 5.0;
				TARGETED_DEVICE_FAMILY = "1,2";
				TEST_HOST = "$(BUILT_PRODUCTS_DIR)/LeBaluchon.app/LeBaluchon";
			};
			name = Debug;
		};
		EF79024A262096A100D0D531 /* Release */ = {
			isa = XCBuildConfiguration;
			buildSettings = {
				ALWAYS_EMBED_SWIFT_STANDARD_LIBRARIES = YES;
				BUNDLE_LOADER = "$(TEST_HOST)";
				CODE_SIGN_STYLE = Automatic;
				INFOPLIST_FILE = LeBaluchonTests/Info.plist;
				IPHONEOS_DEPLOYMENT_TARGET = 14.2;
				LD_RUNPATH_SEARCH_PATHS = (
					"$(inherited)",
					"@executable_path/Frameworks",
					"@loader_path/Frameworks",
				);
				PRODUCT_BUNDLE_IDENTIFIER = fr.manonrusso.LeBaluchonTests;
				PRODUCT_NAME = "$(TARGET_NAME)";
				SWIFT_VERSION = 5.0;
				TARGETED_DEVICE_FAMILY = "1,2";
				TEST_HOST = "$(BUILT_PRODUCTS_DIR)/LeBaluchon.app/LeBaluchon";
			};
			name = Release;
		};
		EF79024C262096A100D0D531 /* Debug */ = {
			isa = XCBuildConfiguration;
			buildSettings = {
				ALWAYS_EMBED_SWIFT_STANDARD_LIBRARIES = YES;
				CODE_SIGN_STYLE = Automatic;
				INFOPLIST_FILE = LeBaluchonUITests/Info.plist;
				LD_RUNPATH_SEARCH_PATHS = (
					"$(inherited)",
					"@executable_path/Frameworks",
					"@loader_path/Frameworks",
				);
				PRODUCT_BUNDLE_IDENTIFIER = fr.manonrusso.LeBaluchonUITests;
				PRODUCT_NAME = "$(TARGET_NAME)";
				SWIFT_VERSION = 5.0;
				TARGETED_DEVICE_FAMILY = "1,2";
				TEST_TARGET_NAME = LeBaluchon;
			};
			name = Debug;
		};
		EF79024D262096A100D0D531 /* Release */ = {
			isa = XCBuildConfiguration;
			buildSettings = {
				ALWAYS_EMBED_SWIFT_STANDARD_LIBRARIES = YES;
				CODE_SIGN_STYLE = Automatic;
				INFOPLIST_FILE = LeBaluchonUITests/Info.plist;
				LD_RUNPATH_SEARCH_PATHS = (
					"$(inherited)",
					"@executable_path/Frameworks",
					"@loader_path/Frameworks",
				);
				PRODUCT_BUNDLE_IDENTIFIER = fr.manonrusso.LeBaluchonUITests;
				PRODUCT_NAME = "$(TARGET_NAME)";
				SWIFT_VERSION = 5.0;
				TARGETED_DEVICE_FAMILY = "1,2";
				TEST_TARGET_NAME = LeBaluchon;
			};
			name = Release;
		};
/* End XCBuildConfiguration section */

/* Begin XCConfigurationList section */
		EF7902162620969E00D0D531 /* Build configuration list for PBXProject "LeBaluchon" */ = {
			isa = XCConfigurationList;
			buildConfigurations = (
				EF790243262096A100D0D531 /* Debug */,
				EF790244262096A100D0D531 /* Release */,
			);
			defaultConfigurationIsVisible = 0;
			defaultConfigurationName = Release;
		};
		EF790245262096A100D0D531 /* Build configuration list for PBXNativeTarget "LeBaluchon" */ = {
			isa = XCConfigurationList;
			buildConfigurations = (
				EF790246262096A100D0D531 /* Debug */,
				EF790247262096A100D0D531 /* Release */,
			);
			defaultConfigurationIsVisible = 0;
			defaultConfigurationName = Release;
		};
		EF790248262096A100D0D531 /* Build configuration list for PBXNativeTarget "LeBaluchonTests" */ = {
			isa = XCConfigurationList;
			buildConfigurations = (
				EF790249262096A100D0D531 /* Debug */,
				EF79024A262096A100D0D531 /* Release */,
			);
			defaultConfigurationIsVisible = 0;
			defaultConfigurationName = Release;
		};
		EF79024B262096A100D0D531 /* Build configuration list for PBXNativeTarget "LeBaluchonUITests" */ = {
			isa = XCConfigurationList;
			buildConfigurations = (
				EF79024C262096A100D0D531 /* Debug */,
				EF79024D262096A100D0D531 /* Release */,
			);
			defaultConfigurationIsVisible = 0;
			defaultConfigurationName = Release;
		};
/* End XCConfigurationList section */
	};
	rootObject = EF7902132620969E00D0D531 /* Project object */;
}
